
Microsoft Visual Studio Solution File, Format Version 12.00
# Visual Studio Version 16
VisualStudioVersion = 16.0.29709.97
MinimumVisualStudioVersion = 10.0.40219.1
Project("{9A19103F-16F7-4668-BE54-9A1E7A4F7556}") = "AgileClassLib", "AgileClassLib\AgileClassLib.csproj", "{16FE6C07-2499-4C4A-A858-6874730A4DCA}"
EndProject
Project("{FAE04EC0-301F-11D3-BF4B-00C04F79EFBC}") = "TestClass", "TestClass\TestClass.csproj", "{9DA1E404-07FF-4FEE-AA51-417168F4ED78}"
EndProject
Global
	GlobalSection(SolutionConfigurationPlatforms) = preSolution
		Debug|Any CPU = Debug|Any CPU
		Release|Any CPU = Release|Any CPU
	EndGlobalSection
	GlobalSection(ProjectConfigurationPlatforms) = postSolution
		{16FE6C07-2499-4C4A-A858-6874730A4DCA}.Debug|Any CPU.ActiveCfg = Debug|Any CPU
		{16FE6C07-2499-4C4A-A858-6874730A4DCA}.Debug|Any CPU.Build.0 = Debug|Any CPU
		{16FE6C07-2499-4C4A-A858-6874730A4DCA}.Release|Any CPU.ActiveCfg = Release|Any CPU
		{16FE6C07-2499-4C4A-A858-6874730A4DCA}.Release|Any CPU.Build.0 = Release|Any CPU
		{9DA1E404-07FF-4FEE-AA51-417168F4ED78}.Debug|Any CPU.ActiveCfg = Debug|Any CPU
		{9DA1E404-07FF-4FEE-AA51-417168F4ED78}.Debug|Any CPU.Build.0 = Debug|Any CPU
		{9DA1E404-07FF-4FEE-AA51-417168F4ED78}.Release|Any CPU.ActiveCfg = Release|Any CPU
		{9DA1E404-07FF-4FEE-AA51-417168F4ED78}.Release|Any CPU.Build.0 = Release|Any CPU
	EndGlobalSection
	GlobalSection(SolutionProperties) = preSolution
		HideSolutionNode = FALSE
	EndGlobalSection
	GlobalSection(ExtensibilityGlobals) = postSolution
		SolutionGuid = {9B33407C-C642-4789-BE0D-7EB35E0630A5}
	EndGlobalSection
EndGlobal
